
Microsoft Visual Studio Solution File, Format Version 12.00
# Visual Studio Version 16
VisualStudioVersion = 16.0.31321.278
MinimumVisualStudioVersion = 10.0.40219.1
Project("{FAE04EC0-301F-11D3-BF4B-00C04F79EFBC}") = "WebApplication1", "WebApplication1\WebApplication1.csproj", "{664D627E-10BF-4F86-801D-6CB64E8BEA3F}"
EndProject
Global
	GlobalSection(SolutionConfigurationPlatforms) = preSolution
		Debug|Any CPU = Debug|Any CPU
		Release|Any CPU = Release|Any CPU
	EndGlobalSection
	GlobalSection(ProjectConfigurationPlatforms) = postSolution
		{664D627E-10BF-4F86-801D-6CB64E8BEA3F}.Debug|Any CPU.ActiveCfg = Debug|Any CPU
		{664D627E-10BF-4F86-801D-6CB64E8BEA3F}.Debug|Any CPU.Build.0 = Debug|Any CPU
		{664D627E-10BF-4F86-801D-6CB64E8BEA3F}.Release|Any CPU.ActiveCfg = Release|Any CPU
		{664D627E-10BF-4F86-801D-6CB64E8BEA3F}.Release|Any CPU.Build.0 = Release|Any CPU
	EndGlobalSection
	GlobalSection(SolutionProperties) = preSolution
		HideSolutionNode = FALSE
	EndGlobalSection
	GlobalSection(ExtensibilityGlobals) = postSolution
		SolutionGuid = {B71EB02C-142F-4DC4-8611-98B0CD1E8BA3}
	EndGlobalSection
EndGlobal
