
Microsoft Visual Studio Solution File, Format Version 12.00
# Visual Studio Version 16
VisualStudioVersion = 16.0.31321.278
MinimumVisualStudioVersion = 10.0.40219.1
Project("{FAE04EC0-301F-11D3-BF4B-00C04F79EFBC}") = "WebApplication3", "WebApplication3\WebApplication3.csproj", "{5AEEC2A8-7006-48C5-8C97-7E765FB434F5}"
EndProject
Global
	GlobalSection(SolutionConfigurationPlatforms) = preSolution
		Debug|Any CPU = Debug|Any CPU
		Release|Any CPU = Release|Any CPU
	EndGlobalSection
	GlobalSection(ProjectConfigurationPlatforms) = postSolution
		{5AEEC2A8-7006-48C5-8C97-7E765FB434F5}.Debug|Any CPU.ActiveCfg = Debug|Any CPU
		{5AEEC2A8-7006-48C5-8C97-7E765FB434F5}.Debug|Any CPU.Build.0 = Debug|Any CPU
		{5AEEC2A8-7006-48C5-8C97-7E765FB434F5}.Release|Any CPU.ActiveCfg = Release|Any CPU
		{5AEEC2A8-7006-48C5-8C97-7E765FB434F5}.Release|Any CPU.Build.0 = Release|Any CPU
	EndGlobalSection
	GlobalSection(SolutionProperties) = preSolution
		HideSolutionNode = FALSE
	EndGlobalSection
	GlobalSection(ExtensibilityGlobals) = postSolution
		SolutionGuid = {9890862F-9953-4511-915B-00BDF41E7942}
	EndGlobalSection
EndGlobal
